
Microsoft Visual Studio Solution File, Format Version 9.00
# Visual Studio 2005
Project("{54435603-DBB4-11D2-8724-00A0C9A8B90C}") = "IDM Banking System", "IDM Banking System\IDM Banking System.vdproj", "{57647CFD-0D0A-40C5-8898-0B3F219F88A2}"
EndProject
Global
	GlobalSection(SolutionConfigurationPlatforms) = preSolution
		Debug|Default = Debug|Default
		Release|Default = Release|Default
	EndGlobalSection
	GlobalSection(ProjectConfigurationPlatforms) = postSolution
		{57647CFD-0D0A-40C5-8898-0B3F219F88A2}.Debug|Default.ActiveCfg = Debug
		{57647CFD-0D0A-40C5-8898-0B3F219F88A2}.Debug|Default.Build.0 = Debug
		{57647CFD-0D0A-40C5-8898-0B3F219F88A2}.Release|Default.ActiveCfg = Release
		{57647CFD-0D0A-40C5-8898-0B3F219F88A2}.Release|Default.Build.0 = Release
	EndGlobalSection
	GlobalSection(SolutionProperties) = preSolution
		HideSolutionNode = FALSE
	EndGlobalSection
EndGlobal
